{
  "name": "CSE4104-7C-T05_FIXED",
  "lockfileVersion": 3,
  "requires": true,
  "packages": {
    "": {
      "dependencies": {
        "@huggingface/inference": "^4.13.20"
      }
    },
    "node_modules/@huggingface/inference": {
      "version": "4.13.20",
      "resolved": "https://registry.npmjs.org/@huggingface/inference/-/inference-4.13.20.tgz",
      "integrity": "sha512-P11zjUrsdRFSf1tJl8PN7nffHwGUtAmgtOBhPQKZ822sZ6Z1EBuwUe1wDKiiLJ7sSoPkcrQmSSk29HQxbqjt7w==",
      "license": "MIT",
      "dependencies": {
        "@huggingface/jinja": "^0.5.9",
        "@huggingface/tasks": "^0.21.16"
      },
      "engines": {
        "node": ">=18"
      }
    },
    "node_modules/@huggingface/jinja": {
      "version": "0.5.9",
      "resolved": "https://registry.npmjs.org/@huggingface/jinja/-/jinja-0.5.9.tgz",
      "integrity": "sha512-uWTG+l3VJRsl7EXxYizuL3P+cCPoc3cRqbWWRcQN0FhejRfbdq0RNhCmbY/YDtnTcz9icdLYuLDjsnz4d8JMuw==",
      "license": "MIT",
      "engines": {
        "node": ">=18"
      }
    },
    "node_modules/@huggingface/tasks": {
      "version": "0.21.17",
      "resolved": "https://registry.npmjs.org/@huggingface/tasks/-/tasks-0.21.17.tgz",
      "integrity": "sha512-vdhQXFBb8hFm4U4KLGDT5a3C1JzSUU16Zoh4DJ1KDL3cdnIrUt+tIX+P1IxqZoXXx55PUQTJBu8iHH2HXtnBGg==",
      "license": "MIT"
    }
  }
}
